// !$*UTF8*$!
{
	archiveVersion = 1;
	classes = {
	};
	objectVersion = 77;
	objects = {

/* Begin PBXContainerItemProxy section */
		D79A08FF2D40E07A0009CC06 /* PBXContainerItemProxy */ = {
			isa = PBXContainerItemProxy;
			containerPortal = D79A08E62D40E0780009CC06 /* Project object */;
			proxyType = 1;
			remoteGlobalIDString = D79A08ED2D40E0780009CC06;
			remoteInfo = SDWebImageSnapshot;
		};
		D79A09092D40E07A0009CC06 /* PBXContainerItemProxy */ = {
			isa = PBXContainerItemProxy;
			containerPortal = D79A08E62D40E0780009CC06 /* Project object */;
			proxyType = 1;
			remoteGlobalIDString = D79A08ED2D40E0780009CC06;
			remoteInfo = SDWebImageSnapshot;
		};
/* End PBXContainerItemProxy section */

/* Begin PBXFileReference section */
		D79A08EE2D40E0780009CC06 /* SDWebImageSnapshot.app */ = {isa = PBXFileReference; explicitFileType = wrapper.application; includeInIndex = 0; path = SDWebImageSnapshot.app; sourceTree = BUILT_PRODUCTS_DIR; };
		D79A08FE2D40E07A0009CC06 /* SDWebImageSnapshotTests.xctest */ = {isa = PBXFileReference; explicitFileType = wrapper.cfbundle; includeInIndex = 0; path = SDWebImageSnapshotTests.xctest; sourceTree = BUILT_PRODUCTS_DIR; };
		D79A09082D40E07A0009CC06 /* SDWebImageSnapshotUITests.xctest */ = {isa = PBXFileReference; explicitFileType = wrapper.cfbundle; includeInIndex = 0; path = SDWebImageSnapshotUITests.xctest; sourceTree = BUILT_PRODUCTS_DIR; };
/* End PBXFileReference section */

/* Begin PBXFileSystemSynchronizedRootGroup section */
		D79A08F02D40E0780009CC06 /* SDWebImageSnapshot */ = {
			isa = PBXFileSystemSynchronizedRootGroup;
			path = SDWebImageSnapshot;
			sourceTree = "<group>";
		};
		D79A09012D40E07A0009CC06 /* SDWebImageSnapshotTests */ = {
			isa = PBXFileSystemSynchronizedRootGroup;
			path = SDWebImageSnapshotTests;
			sourceTree = "<group>";
		};
		D79A090B2D40E07A0009CC06 /* SDWebImageSnapshotUITests */ = {
			isa = PBXFileSystemSynchronizedRootGroup;
			path = SDWebImageSnapshotUITests;
			sourceTree = "<group>";
		};
/* End PBXFileSystemSynchronizedRootGroup section */

/* Begin PBXFrameworksBuildPhase section */
		D79A08EB2D40E0780009CC06 /* Frameworks */ = {
			isa = PBXFrameworksBuildPhase;
			buildActionMask = 2147483647;
			files = (
			);
			runOnlyForDeploymentPostprocessing = 0;
		};
		D79A08FB2D40E07A0009CC06 /* Frameworks */ = {
			isa = PBXFrameworksBuildPhase;
			buildActionMask = 2147483647;
			files = (
			);
			runOnlyForDeploymentPostprocessing = 0;
		};
		D79A09052D40E07A0009CC06 /* Frameworks */ = {
			isa = PBXFrameworksBuildPhase;
			buildActionMask = 2147483647;
			files = (
			);
			runOnlyForDeploymentPostprocessing = 0;
		};
/* End PBXFrameworksBuildPhase section */

/* Begin PBXGroup section */
		D79A08E52D40E0780009CC06 = {
			isa = PBXGroup;
			children = (
				D79A08F02D40E0780009CC06 /* SDWebImageSnapshot */,
				D79A09012D40E07A0009CC06 /* SDWebImageSnapshotTests */,
				D79A090B2D40E07A0009CC06 /* SDWebImageSnapshotUITests */,
				D79A08EF2D40E0780009CC06 /* Products */,
			);
			sourceTree = "<group>";
		};
		D79A08EF2D40E0780009CC06 /* Products */ = {
			isa = PBXGroup;
			children = (
				D79A08EE2D40E0780009CC06 /* SDWebImageSnapshot.app */,
				D79A08FE2D40E07A0009CC06 /* SDWebImageSnapshotTests.xctest */,
				D79A09082D40E07A0009CC06 /* SDWebImageSnapshotUITests.xctest */,
			);
			name = Products;
			sourceTree = "<group>";
		};
/* End PBXGroup section */

/* Begin PBXNativeTarget section */
		D79A08ED2D40E0780009CC06 /* SDWebImageSnapshot */ = {
			isa = PBXNativeTarget;
			buildConfigurationList = D79A09122D40E07A0009CC06 /* Build configuration list for PBXNativeTarget "SDWebImageSnapshot" */;
			buildPhases = (
				D79A08EA2D40E0780009CC06 /* Sources */,
				D79A08EB2D40E0780009CC06 /* Frameworks */,
				D79A08EC2D40E0780009CC06 /* Resources */,
			);
			buildRules = (
			);
			dependencies = (
			);
			fileSystemSynchronizedGroups = (
				D79A08F02D40E0780009CC06 /* SDWebImageSnapshot */,
			);
			name = SDWebImageSnapshot;
			packageProductDependencies = (
			);
			productName = SDWebImageSnapshot;
			productReference = D79A08EE2D40E0780009CC06 /* SDWebImageSnapshot.app */;
			productType = "com.apple.product-type.application";
		};
		D79A08FD2D40E07A0009CC06 /* SDWebImageSnapshotTests */ = {
			isa = PBXNativeTarget;
			buildConfigurationList = D79A09152D40E07A0009CC06 /* Build configuration list for PBXNativeTarget "SDWebImageSnapshotTests" */;
			buildPhases = (
				D79A08FA2D40E07A0009CC06 /* Sources */,
				D79A08FB2D40E07A0009CC06 /* Frameworks */,
				D79A08FC2D40E07A0009CC06 /* Resources */,
			);
			buildRules = (
			);
			dependencies = (
				D79A09002D40E07A0009CC06 /* PBXTargetDependency */,
			);
			fileSystemSynchronizedGroups = (
				D79A09012D40E07A0009CC06 /* SDWebImageSnapshotTests */,
			);
			name = SDWebImageSnapshotTests;
			packageProductDependencies = (
			);
			productName = SDWebImageSnapshotTests;
			productReference = D79A08FE2D40E07A0009CC06 /* SDWebImageSnapshotTests.xctest */;
			productType = "com.apple.product-type.bundle.unit-test";
		};
		D79A09072D40E07A0009CC06 /* SDWebImageSnapshotUITests */ = {
			isa = PBXNativeTarget;
			buildConfigurationList = D79A09182D40E07A0009CC06 /* Build configuration list for PBXNativeTarget "SDWebImageSnapshotUITests" */;
			buildPhases = (
				D79A09042D40E07A0009CC06 /* Sources */,
				D79A09052D40E07A0009CC06 /* Frameworks */,
				D79A09062D40E07A0009CC06 /* Resources */,
			);
			buildRules = (
			);
			dependencies = (
				D79A090A2D40E07A0009CC06 /* PBXTargetDependency */,
			);
			fileSystemSynchronizedGroups = (
				D79A090B2D40E07A0009CC06 /* SDWebImageSnapshotUITests */,
			);
			name = SDWebImageSnapshotUITests;
			packageProductDependencies = (
			);
			productName = SDWebImageSnapshotUITests;
			productReference = D79A09082D40E07A0009CC06 /* SDWebImageSnapshotUITests.xctest */;
			productType = "com.apple.product-type.bundle.ui-testing";
		};
/* End PBXNativeTarget section */

/* Begin PBXProject section */
		D79A08E62D40E0780009CC06 /* Project object */ = {
			isa = PBXProject;
			attributes = {
				BuildIndependentTargetsInParallel = 1;
				LastSwiftUpdateCheck = 1620;
				LastUpgradeCheck = 1620;
				TargetAttributes = {
					D79A08ED2D40E0780009CC06 = {
						CreatedOnToolsVersion = 16.2;
					};
					D79A08FD2D40E07A0009CC06 = {
						CreatedOnToolsVersion = 16.2;
						TestTargetID = D79A08ED2D40E0780009CC06;
					};
					D79A09072D40E07A0009CC06 = {
						CreatedOnToolsVersion = 16.2;
						TestTargetID = D79A08ED2D40E0780009CC06;
					};
				};
			};
			buildConfigurationList = D79A08E92D40E0780009CC06 /* Build configuration list for PBXProject "SDWebImageSnapshot" */;
			developmentRegion = en;
			hasScannedForEncodings = 0;
			knownRegions = (
				en,
				Base,
			);
			mainGroup = D79A08E52D40E0780009CC06;
			minimizedProjectReferenceProxies = 1;
			preferredProjectObjectVersion = 77;
			productRefGroup = D79A08EF2D40E0780009CC06 /* Products */;
			projectDirPath = "";
			projectRoot = "";
			targets = (
				D79A08ED2D40E0780009CC06 /* SDWebImageSnapshot */,
				D79A08FD2D40E07A0009CC06 /* SDWebImageSnapshotTests */,
				D79A09072D40E07A0009CC06 /* SDWebImageSnapshotUITests */,
			);
		};
/* End PBXProject section */

/* Begin PBXResourcesBuildPhase section */
		D79A08EC2D40E0780009CC06 /* Resources */ = {
			isa = PBXResourcesBuildPhase;
			buildActionMask = 2147483647;
			files = (
			);
			runOnlyForDeploymentPostprocessing = 0;
		};
		D79A08FC2D40E07A0009CC06 /* Resources */ = {
			isa = PBXResourcesBuildPhase;
			buildActionMask = 2147483647;
			files = (
			);
			runOnlyForDeploymentPostprocessing = 0;
		};
		D79A09062D40E07A0009CC06 /* Resources */ = {
			isa = PBXResourcesBuildPhase;
			buildActionMask = 2147483647;
			files = (
			);
			runOnlyForDeploymentPostprocessing = 0;
		};
/* End PBXResourcesBuildPhase section */

/* Begin PBXSourcesBuildPhase section */
		D79A08EA2D40E0780009CC06 /* Sources */ = {
			isa = PBXSourcesBuildPhase;
			buildActionMask = 2147483647;
			files = (
			);
			runOnlyForDeploymentPostprocessing = 0;
		};
		D79A08FA2D40E07A0009CC06 /* Sources */ = {
			isa = PBXSourcesBuildPhase;
			buildActionMask = 2147483647;
			files = (
			);
			runOnlyForDeploymentPostprocessing = 0;
		};
		D79A09042D40E07A0009CC06 /* Sources */ = {
			isa = PBXSourcesBuildPhase;
			buildActionMask = 2147483647;
			files = (
			);
			runOnlyForDeploymentPostprocessing = 0;
		};
/* End PBXSourcesBuildPhase section */

/* Begin PBXTargetDependency section */
		D79A09002D40E07A0009CC06 /* PBXTargetDependency */ = {
			isa = PBXTargetDependency;
			target = D79A08ED2D40E0780009CC06 /* SDWebImageSnapshot */;
			targetProxy = D79A08FF2D40E07A0009CC06 /* PBXContainerItemProxy */;
		};
		D79A090A2D40E07A0009CC06 /* PBXTargetDependency */ = {
			isa = PBXTargetDependency;
			target = D79A08ED2D40E0780009CC06 /* SDWebImageSnapshot */;
			targetProxy = D79A09092D40E07A0009CC06 /* PBXContainerItemProxy */;
		};
/* End PBXTargetDependency section */

/* Begin XCBuildConfiguration section */
		D79A09102D40E07A0009CC06 /* Debug */ = {
			isa = XCBuildConfiguration;
			buildSettings = {
				ALWAYS_SEARCH_USER_PATHS = NO;
				ASSETCATALOG_COMPILER_GENERATE_SWIFT_ASSET_SYMBOL_EXTENSIONS = YES;
				CLANG_ANALYZER_NONNULL = YES;
				CLANG_ANALYZER_NUMBER_OBJECT_CONVERSION = YES_AGGRESSIVE;
				CLANG_CXX_LANGUAGE_STANDARD = "gnu++20";
				CLANG_ENABLE_MODULES = YES;
				CLANG_ENABLE_OBJC_ARC = YES;
				CLANG_ENABLE_OBJC_WEAK = YES;
				CLANG_WARN_BLOCK_CAPTURE_AUTORELEASING = YES;
				CLANG_WARN_BOOL_CONVERSION = YES;
				CLANG_WARN_COMMA = YES;
				CLANG_WARN_CONSTANT_CONVERSION = YES;
				CLANG_WARN_DEPRECATED_OBJC_IMPLEMENTATIONS = YES;
				CLANG_WARN_DIRECT_OBJC_ISA_USAGE = YES_ERROR;
				CLANG_WARN_DOCUMENTATION_COMMENTS = YES;
				CLANG_WARN_EMPTY_BODY = YES;
				CLANG_WARN_ENUM_CONVERSION = YES;
				CLANG_WARN_INFINITE_RECURSION = YES;
				CLANG_WARN_INT_CONVERSION = YES;
				CLANG_WARN_NON_LITERAL_NULL_CONVERSION = YES;
				CLANG_WARN_OBJC_IMPLICIT_RETAIN_SELF = YES;
				CLANG_WARN_OBJC_LITERAL_CONVERSION = YES;
				CLANG_WARN_OBJC_ROOT_CLASS = YES_ERROR;
				CLANG_WARN_QUOTED_INCLUDE_IN_FRAMEWORK_HEADER = YES;
				CLANG_WARN_RANGE_LOOP_ANALYSIS = YES;
				CLANG_WARN_STRICT_PROTOTYPES = YES;
				CLANG_WARN_SUSPICIOUS_MOVE = YES;
				CLANG_WARN_UNGUARDED_AVAILABILITY = YES_AGGRESSIVE;
				CLANG_WARN_UNREACHABLE_CODE = YES;
				CLANG_WARN__DUPLICATE_METHOD_MATCH = YES;
				COPY_PHASE_STRIP = NO;
				DEBUG_INFORMATION_FORMAT = dwarf;
				ENABLE_STRICT_OBJC_MSGSEND = YES;
				ENABLE_TESTABILITY = YES;
				ENABLE_USER_SCRIPT_SANDBOXING = YES;
				GCC_C_LANGUAGE_STANDARD = gnu17;
				GCC_DYNAMIC_NO_PIC = NO;
				GCC_NO_COMMON_BLOCKS = YES;
				GCC_OPTIMIZATION_LEVEL = 0;
				GCC_PREPROCESSOR_DEFINITIONS = (
					"DEBUG=1",
					"$(inherited)",
				);
				GCC_WARN_64_TO_32_BIT_CONVERSION = YES;
				GCC_WARN_ABOUT_RETURN_TYPE = YES_ERROR;
				GCC_WARN_UNDECLARED_SELECTOR = YES;
				GCC_WARN_UNINITIALIZED_AUTOS = YES_AGGRESSIVE;
				GCC_WARN_UNUSED_FUNCTION = YES;
				GCC_WARN_UNUSED_VARIABLE = YES;
				IPHONEOS_DEPLOYMENT_TARGET = 18.2;
				LOCALIZATION_PREFERS_STRING_CATALOGS = YES;
				MTL_ENABLE_DEBUG_INFO = INCLUDE_SOURCE;
				MTL_FAST_MATH = YES;
				ONLY_ACTIVE_ARCH = YES;
				SDKROOT = iphoneos;
				SWIFT_ACTIVE_COMPILATION_CONDITIONS = "DEBUG $(inherited)";
				SWIFT_OPTIMIZATION_LEVEL = "-Onone";
			};
			name = Debug;
		};
		D79A09112D40E07A0009CC06 /* Release */ = {
			isa = XCBuildConfiguration;
			buildSettings = {
				ALWAYS_SEARCH_USER_PATHS = NO;
				ASSETCATALOG_COMPILER_GENERATE_SWIFT_ASSET_SYMBOL_EXTENSIONS = YES;
				CLANG_ANALYZER_NONNULL = YES;
				CLANG_ANALYZER_NUMBER_OBJECT_CONVERSION = YES_AGGRESSIVE;
				CLANG_CXX_LANGUAGE_STANDARD = "gnu++20";
				CLANG_ENABLE_MODULES = YES;
				CLANG_ENABLE_OBJC_ARC = YES;
				CLANG_ENABLE_OBJC_WEAK = YES;
				CLANG_WARN_BLOCK_CAPTURE_AUTORELEASING = YES;
				CLANG_WARN_BOOL_CONVERSION = YES;
				CLANG_WARN_COMMA = YES;
				CLANG_WARN_CONSTANT_CONVERSION = YES;
				CLANG_WARN_DEPRECATED_OBJC_IMPLEMENTATIONS = YES;
				CLANG_WARN_DIRECT_OBJC_ISA_USAGE = YES_ERROR;
				CLANG_WARN_DOCUMENTATION_COMMENTS = YES;
				CLANG_WARN_EMPTY_BODY = YES;
				CLANG_WARN_ENUM_CONVERSION = YES;
				CLANG_WARN_INFINITE_RECURSION = YES;
				CLANG_WARN_INT_CONVERSION = YES;
				CLANG_WARN_NON_LITERAL_NULL_CONVERSION = YES;
				CLANG_WARN_OBJC_IMPLICIT_RETAIN_SELF = YES;
				CLANG_WARN_OBJC_LITERAL_CONVERSION = YES;
				CLANG_WARN_OBJC_ROOT_CLASS = YES_ERROR;
				CLANG_WARN_QUOTED_INCLUDE_IN_FRAMEWORK_HEADER = YES;
				CLANG_WARN_RANGE_LOOP_ANALYSIS = YES;
				CLANG_WARN_STRICT_PROTOTYPES = YES;
				CLANG_WARN_SUSPICIOUS_MOVE = YES;
				CLANG_WARN_UNGUARDED_AVAILABILITY = YES_AGGRESSIVE;
				CLANG_WARN_UNREACHABLE_CODE = YES;
				CLANG_WARN__DUPLICATE_METHOD_MATCH = YES;
				COPY_PHASE_STRIP = NO;
				DEBUG_INFORMATION_FORMAT = "dwarf-with-dsym";
				ENABLE_NS_ASSERTIONS = NO;
				ENABLE_STRICT_OBJC_MSGSEND = YES;
				ENABLE_USER_SCRIPT_SANDBOXING = YES;
				GCC_C_LANGUAGE_STANDARD = gnu17;
				GCC_NO_COMMON_BLOCKS = YES;
				GCC_WARN_64_TO_32_BIT_CONVERSION = YES;
				GCC_WARN_ABOUT_RETURN_TYPE = YES_ERROR;
				GCC_WARN_UNDECLARED_SELECTOR = YES;
				GCC_WARN_UNINITIALIZED_AUTOS = YES_AGGRESSIVE;
				GCC_WARN_UNUSED_FUNCTION = YES;
				GCC_WARN_UNUSED_VARIABLE = YES;
				IPHONEOS_DEPLOYMENT_TARGET = 18.2;
				LOCALIZATION_PREFERS_STRING_CATALOGS = YES;
				MTL_ENABLE_DEBUG_INFO = NO;
				MTL_FAST_MATH = YES;
				SDKROOT = iphoneos;
				SWIFT_COMPILATION_MODE = wholemodule;
				VALIDATE_PRODUCT = YES;
			};
			name = Release;
		};
		D79A09132D40E07A0009CC06 /* Debug */ = {
			isa = XCBuildConfiguration;
			buildSettings = {
				ASSETCATALOG_COMPILER_APPICON_NAME = AppIcon;
				ASSETCATALOG_COMPILER_GLOBAL_ACCENT_COLOR_NAME = AccentColor;
				CODE_SIGN_STYLE = Automatic;
				CURRENT_PROJECT_VERSION = 1;
				DEVELOPMENT_ASSET_PATHS = "\"SDWebImageSnapshot/Preview Content\"";
				DEVELOPMENT_TEAM = 25SB2NPY44;
				ENABLE_PREVIEWS = YES;
				GENERATE_INFOPLIST_FILE = YES;
				INFOPLIST_KEY_UIApplicationSceneManifest_Generation = YES;
				INFOPLIST_KEY_UIApplicationSupportsIndirectInputEvents = YES;
				INFOPLIST_KEY_UILaunchScreen_Generation = YES;
				INFOPLIST_KEY_UISupportedInterfaceOrientations_iPad = "UIInterfaceOrientationPortrait UIInterfaceOrientationPortraitUpsideDown UIInterfaceOrientationLandscapeLeft UIInterfaceOrientationLandscapeRight";
				INFOPLIST_KEY_UISupportedInterfaceOrientations_iPhone = "UIInterfaceOrientationPortrait UIInterfaceOrientationLandscapeLeft UIInterfaceOrientationLandscapeRight";
				LD_RUNPATH_SEARCH_PATHS = (
					"$(inherited)",
					"@executable_path/Frameworks",
				);
				MARKETING_VERSION = 1.0;
				PRODUCT_BUNDLE_IDENTIFIER = com.nauv.SDWebImageSnapshot;
				PRODUCT_NAME = "$(TARGET_NAME)";
				SWIFT_EMIT_LOC_STRINGS = YES;
				SWIFT_VERSION = 5.0;
				TARGETED_DEVICE_FAMILY = "1,2";
			};
			name = Debug;
		};
		D79A09142D40E07A0009CC06 /* Release */ = {
			isa = XCBuildConfiguration;
			buildSettings = {
				ASSETCATALOG_COMPILER_APPICON_NAME = AppIcon;
				ASSETCATALOG_COMPILER_GLOBAL_ACCENT_COLOR_NAME = AccentColor;
				CODE_SIGN_STYLE = Automatic;
				CURRENT_PROJECT_VERSION = 1;
				DEVELOPMENT_ASSET_PATHS = "\"SDWebImageSnapshot/Preview Content\"";
				DEVELOPMENT_TEAM = 25SB2NPY44;
				ENABLE_PREVIEWS = YES;
				GENERATE_INFOPLIST_FILE = YES;
				INFOPLIST_KEY_UIApplicationSceneManifest_Generation = YES;
				INFOPLIST_KEY_UIApplicationSupportsIndirectInputEvents = YES;
				INFOPLIST_KEY_UILaunchScreen_Generation = YES;
				INFOPLIST_KEY_UISupportedInterfaceOrientations_iPad = "UIInterfaceOrientationPortrait UIInterfaceOrientationPortraitUpsideDown UIInterfaceOrientationLandscapeLeft UIInterfaceOrientationLandscapeRight";
				INFOPLIST_KEY_UISupportedInterfaceOrientations_iPhone = "UIInterfaceOrientationPortrait UIInterfaceOrientationLandscapeLeft UIInterfaceOrientationLandscapeRight";
				LD_RUNPATH_SEARCH_PATHS = (
					"$(inherited)",
					"@executable_path/Frameworks",
				);
				MARKETING_VERSION = 1.0;
				PRODUCT_BUNDLE_IDENTIFIER = com.nauv.SDWebImageSnapshot;
				PRODUCT_NAME = "$(TARGET_NAME)";
				SWIFT_EMIT_LOC_STRINGS = YES;
				SWIFT_VERSION = 5.0;
				TARGETED_DEVICE_FAMILY = "1,2";
			};
			name = Release;
		};
		D79A09162D40E07A0009CC06 /* Debug */ = {
			isa = XCBuildConfiguration;
			buildSettings = {
				BUNDLE_LOADER = "$(TEST_HOST)";
				CODE_SIGN_STYLE = Automatic;
				CURRENT_PROJECT_VERSION = 1;
				DEVELOPMENT_TEAM = 25SB2NPY44;
				GENERATE_INFOPLIST_FILE = YES;
				IPHONEOS_DEPLOYMENT_TARGET = 18.2;
				MARKETING_VERSION = 1.0;
				PRODUCT_BUNDLE_IDENTIFIER = com.nauv.SDWebImageSnapshotTests;
				PRODUCT_NAME = "$(TARGET_NAME)";
				SWIFT_EMIT_LOC_STRINGS = NO;
				SWIFT_VERSION = 5.0;
				TARGETED_DEVICE_FAMILY = "1,2";
				TEST_HOST = "$(BUILT_PRODUCTS_DIR)/SDWebImageSnapshot.app/$(BUNDLE_EXECUTABLE_FOLDER_PATH)/SDWebImageSnapshot";
			};
			name = Debug;
		};
		D79A09172D40E07A0009CC06 /* Release */ = {
			isa = XCBuildConfiguration;
			buildSettings = {
				BUNDLE_LOADER = "$(TEST_HOST)";
				CODE_SIGN_STYLE = Automatic;
				CURRENT_PROJECT_VERSION = 1;
				DEVELOPMENT_TEAM = 25SB2NPY44;
				GENERATE_INFOPLIST_FILE = YES;
				IPHONEOS_DEPLOYMENT_TARGET = 18.2;
				MARKETING_VERSION = 1.0;
				PRODUCT_BUNDLE_IDENTIFIER = com.nauv.SDWebImageSnapshotTests;
				PRODUCT_NAME = "$(TARGET_NAME)";
				SWIFT_EMIT_LOC_STRINGS = NO;
				SWIFT_VERSION = 5.0;
				TARGETED_DEVICE_FAMILY = "1,2";
				TEST_HOST = "$(BUILT_PRODUCTS_DIR)/SDWebImageSnapshot.app/$(BUNDLE_EXECUTABLE_FOLDER_PATH)/SDWebImageSnapshot";
			};
			name = Release;
		};
		D79A09192D40E07A0009CC06 /* Debug */ = {
			isa = XCBuildConfiguration;
			buildSettings = {
				CODE_SIGN_STYLE = Automatic;
				CURRENT_PROJECT_VERSION = 1;
				DEVELOPMENT_TEAM = 25SB2NPY44;
				GENERATE_INFOPLIST_FILE = YES;
				MARKETING_VERSION = 1.0;
				PRODUCT_BUNDLE_IDENTIFIER = com.nauv.SDWebImageSnapshotUITests;
				PRODUCT_NAME = "$(TARGET_NAME)";
				SWIFT_EMIT_LOC_STRINGS = NO;
				SWIFT_VERSION = 5.0;
				TARGETED_DEVICE_FAMILY = "1,2";
				TEST_TARGET_NAME = SDWebImageSnapshot;
			};
			name = Debug;
		};
		D79A091A2D40E07A0009CC06 /* Release */ = {
			isa = XCBuildConfiguration;
			buildSettings = {
				CODE_SIGN_STYLE = Automatic;
				CURRENT_PROJECT_VERSION = 1;
				DEVELOPMENT_TEAM = 25SB2NPY44;
				GENERATE_INFOPLIST_FILE = YES;
				MARKETING_VERSION = 1.0;
				PRODUCT_BUNDLE_IDENTIFIER = com.nauv.SDWebImageSnapshotUITests;
				PRODUCT_NAME = "$(TARGET_NAME)";
				SWIFT_EMIT_LOC_STRINGS = NO;
				SWIFT_VERSION = 5.0;
				TARGETED_DEVICE_FAMILY = "1,2";
				TEST_TARGET_NAME = SDWebImageSnapshot;
			};
			name = Release;
		};
/* End XCBuildConfiguration section */

/* Begin XCConfigurationList section */
		D79A08E92D40E0780009CC06 /* Build configuration list for PBXProject "SDWebImageSnapshot" */ = {
			isa = XCConfigurationList;
			buildConfigurations = (
				D79A09102D40E07A0009CC06 /* Debug */,
				D79A09112D40E07A0009CC06 /* Release */,
			);
			defaultConfigurationIsVisible = 0;
			defaultConfigurationName = Release;
		};
		D79A09122D40E07A0009CC06 /* Build configuration list for PBXNativeTarget "SDWebImageSnapshot" */ = {
			isa = XCConfigurationList;
			buildConfigurations = (
				D79A09132D40E07A0009CC06 /* Debug */,
				D79A09142D40E07A0009CC06 /* Release */,
			);
			defaultConfigurationIsVisible = 0;
			defaultConfigurationName = Release;
		};
		D79A09152D40E07A0009CC06 /* Build configuration list for PBXNativeTarget "SDWebImageSnapshotTests" */ = {
			isa = XCConfigurationList;
			buildConfigurations = (
				D79A09162D40E07A0009CC06 /* Debug */,
				D79A09172D40E07A0009CC06 /* Release */,
			);
			defaultConfigurationIsVisible = 0;
			defaultConfigurationName = Release;
		};
		D79A09182D40E07A0009CC06 /* Build configuration list for PBXNativeTarget "SDWebImageSnapshotUITests" */ = {
			isa = XCConfigurationList;
			buildConfigurations = (
				D79A09192D40E07A0009CC06 /* Debug */,
				D79A091A2D40E07A0009CC06 /* Release */,
			);
			defaultConfigurationIsVisible = 0;
			defaultConfigurationName = Release;
		};
/* End XCConfigurationList section */
	};
	rootObject = D79A08E62D40E0780009CC06 /* Project object */;
}
